
Microsoft Visual Studio Solution File, Format Version 12.00
# Visual Studio Version 17
VisualStudioVersion = 17.4.33205.214
MinimumVisualStudioVersion = 10.0.40219.1
Project("{9A19103F-16F7-4668-BE54-9A1E7A4F7556}") = "EntityFramework", "EntityFramework\EntityFramework.csproj", "{ECCEEABB-0769-45F3-A79C-F6EC52B3CC1E}"
EndProject
Project("{9A19103F-16F7-4668-BE54-9A1E7A4F7556}") = "BookLibrary", "BookLibrary\BookLibrary.csproj", "{E037B39D-1356-4634-A017-E378C86DF411}"
EndProject
Project("{9A19103F-16F7-4668-BE54-9A1E7A4F7556}") = "DbFirstLibrary", "DbFirstLibrary\DbFirstLibrary.csproj", "{D2A91188-BA5A-42CD-8F5B-3FE4C0FF1CDD}"
EndProject
Project("{FAE04EC0-301F-11D3-BF4B-00C04F79EFBC}") = "EFCoreWeb", "EFCoreWeb\EFCoreWeb.csproj", "{3F8EE63B-437B-4F2F-8995-03FDB2231759}"
EndProject
Global
	GlobalSection(SolutionConfigurationPlatforms) = preSolution
		Debug|Any CPU = Debug|Any CPU
		Release|Any CPU = Release|Any CPU
	EndGlobalSection
	GlobalSection(ProjectConfigurationPlatforms) = postSolution
		{ECCEEABB-0769-45F3-A79C-F6EC52B3CC1E}.Debug|Any CPU.ActiveCfg = Debug|Any CPU
		{ECCEEABB-0769-45F3-A79C-F6EC52B3CC1E}.Debug|Any CPU.Build.0 = Debug|Any CPU
		{ECCEEABB-0769-45F3-A79C-F6EC52B3CC1E}.Release|Any CPU.ActiveCfg = Release|Any CPU
		{ECCEEABB-0769-45F3-A79C-F6EC52B3CC1E}.Release|Any CPU.Build.0 = Release|Any CPU
		{E037B39D-1356-4634-A017-E378C86DF411}.Debug|Any CPU.ActiveCfg = Debug|Any CPU
		{E037B39D-1356-4634-A017-E378C86DF411}.Debug|Any CPU.Build.0 = Debug|Any CPU
		{E037B39D-1356-4634-A017-E378C86DF411}.Release|Any CPU.ActiveCfg = Release|Any CPU
		{E037B39D-1356-4634-A017-E378C86DF411}.Release|Any CPU.Build.0 = Release|Any CPU
		{D2A91188-BA5A-42CD-8F5B-3FE4C0FF1CDD}.Debug|Any CPU.ActiveCfg = Debug|Any CPU
		{D2A91188-BA5A-42CD-8F5B-3FE4C0FF1CDD}.Debug|Any CPU.Build.0 = Debug|Any CPU
		{D2A91188-BA5A-42CD-8F5B-3FE4C0FF1CDD}.Release|Any CPU.ActiveCfg = Release|Any CPU
		{D2A91188-BA5A-42CD-8F5B-3FE4C0FF1CDD}.Release|Any CPU.Build.0 = Release|Any CPU
		{3F8EE63B-437B-4F2F-8995-03FDB2231759}.Debug|Any CPU.ActiveCfg = Debug|Any CPU
		{3F8EE63B-437B-4F2F-8995-03FDB2231759}.Debug|Any CPU.Build.0 = Debug|Any CPU
		{3F8EE63B-437B-4F2F-8995-03FDB2231759}.Release|Any CPU.ActiveCfg = Release|Any CPU
		{3F8EE63B-437B-4F2F-8995-03FDB2231759}.Release|Any CPU.Build.0 = Release|Any CPU
	EndGlobalSection
	GlobalSection(SolutionProperties) = preSolution
		HideSolutionNode = FALSE
	EndGlobalSection
	GlobalSection(ExtensibilityGlobals) = postSolution
		SolutionGuid = {20C25E32-F9E0-4205-A7E4-1FCB6F073B7B}
	EndGlobalSection
EndGlobal
